// !$*UTF8*$!
{
	archiveVersion = 1;
	classes = {
	};
	objectVersion = 50;
	objects = {

/* Begin PBXBuildFile section */
		438F77E525E6018C00121F69 /* AppDelegate.swift in Sources */ = {isa = PBXBuildFile; fileRef = 438F77E425E6018C00121F69 /* AppDelegate.swift */; };
		438F77E725E6018C00121F69 /* SceneDelegate.swift in Sources */ = {isa = PBXBuildFile; fileRef = 438F77E625E6018C00121F69 /* SceneDelegate.swift */; };
		438F77E925E6018C00121F69 /* ViewController.swift in Sources */ = {isa = PBXBuildFile; fileRef = 438F77E825E6018C00121F69 /* ViewController.swift */; };
		438F77EC25E6018C00121F69 /* Main.storyboard in Resources */ = {isa = PBXBuildFile; fileRef = 438F77EA25E6018C00121F69 /* Main.storyboard */; };
		438F77EE25E6019000121F69 /* Assets.xcassets in Resources */ = {isa = PBXBuildFile; fileRef = 438F77ED25E6019000121F69 /* Assets.xcassets */; };
		438F77F125E6019000121F69 /* LaunchScreen.storyboard in Resources */ = {isa = PBXBuildFile; fileRef = 438F77EF25E6019000121F69 /* LaunchScreen.storyboard */; };
		438F77FC25E6019000121F69 /* XCConfigExprimentTests.swift in Sources */ = {isa = PBXBuildFile; fileRef = 438F77FB25E6019000121F69 /* XCConfigExprimentTests.swift */; };
		438F780725E6019000121F69 /* XCConfigExprimentUITests.swift in Sources */ = {isa = PBXBuildFile; fileRef = 438F780625E6019000121F69 /* XCConfigExprimentUITests.swift */; };
/* End PBXBuildFile section */

/* Begin PBXContainerItemProxy section */
		438F77F825E6019000121F69 /* PBXContainerItemProxy */ = {
			isa = PBXContainerItemProxy;
			containerPortal = 438F77D925E6018C00121F69 /* Project object */;
			proxyType = 1;
			remoteGlobalIDString = 438F77E025E6018C00121F69;
			remoteInfo = XCConfigExpriment;
		};
		438F780325E6019000121F69 /* PBXContainerItemProxy */ = {
			isa = PBXContainerItemProxy;
			containerPortal = 438F77D925E6018C00121F69 /* Project object */;
			proxyType = 1;
			remoteGlobalIDString = 438F77E025E6018C00121F69;
			remoteInfo = XCConfigExpriment;
		};
/* End PBXContainerItemProxy section */

/* Begin PBXFileReference section */
		438F77E125E6018C00121F69 /* XCConfigExpriment.app */ = {isa = PBXFileReference; explicitFileType = wrapper.application; includeInIndex = 0; path = XCConfigExpriment.app; sourceTree = BUILT_PRODUCTS_DIR; };
		438F77E425E6018C00121F69 /* AppDelegate.swift */ = {isa = PBXFileReference; lastKnownFileType = sourcecode.swift; path = AppDelegate.swift; sourceTree = "<group>"; };
		438F77E625E6018C00121F69 /* SceneDelegate.swift */ = {isa = PBXFileReference; lastKnownFileType = sourcecode.swift; path = SceneDelegate.swift; sourceTree = "<group>"; };
		438F77E825E6018C00121F69 /* ViewController.swift */ = {isa = PBXFileReference; lastKnownFileType = sourcecode.swift; path = ViewController.swift; sourceTree = "<group>"; };
		438F77EB25E6018C00121F69 /* Base */ = {isa = PBXFileReference; lastKnownFileType = file.storyboard; name = Base; path = Base.lproj/Main.storyboard; sourceTree = "<group>"; };
		438F77ED25E6019000121F69 /* Assets.xcassets */ = {isa = PBXFileReference; lastKnownFileType = folder.assetcatalog; path = Assets.xcassets; sourceTree = "<group>"; };
		438F77F025E6019000121F69 /* Base */ = {isa = PBXFileReference; lastKnownFileType = file.storyboard; name = Base; path = Base.lproj/LaunchScreen.storyboard; sourceTree = "<group>"; };
		438F77F225E6019000121F69 /* Info.plist */ = {isa = PBXFileReference; lastKnownFileType = text.plist.xml; path = Info.plist; sourceTree = "<group>"; };
		438F77F725E6019000121F69 /* XCConfigExprimentTests.xctest */ = {isa = PBXFileReference; explicitFileType = wrapper.cfbundle; includeInIndex = 0; path = XCConfigExprimentTests.xctest; sourceTree = BUILT_PRODUCTS_DIR; };
		438F77FB25E6019000121F69 /* XCConfigExprimentTests.swift */ = {isa = PBXFileReference; lastKnownFileType = sourcecode.swift; path = XCConfigExprimentTests.swift; sourceTree = "<group>"; };
		438F77FD25E6019000121F69 /* Info.plist */ = {isa = PBXFileReference; lastKnownFileType = text.plist.xml; path = Info.plist; sourceTree = "<group>"; };
		438F780225E6019000121F69 /* XCConfigExprimentUITests.xctest */ = {isa = PBXFileReference; explicitFileType = wrapper.cfbundle; includeInIndex = 0; path = XCConfigExprimentUITests.xctest; sourceTree = BUILT_PRODUCTS_DIR; };
		438F780625E6019000121F69 /* XCConfigExprimentUITests.swift */ = {isa = PBXFileReference; lastKnownFileType = sourcecode.swift; path = XCConfigExprimentUITests.swift; sourceTree = "<group>"; };
		438F780825E6019000121F69 /* Info.plist */ = {isa = PBXFileReference; lastKnownFileType = text.plist.xml; path = Info.plist; sourceTree = "<group>"; };
		438F781725E6024000121F69 /* DebugConfig.xcconfig */ = {isa = PBXFileReference; lastKnownFileType = text.xcconfig; path = DebugConfig.xcconfig; sourceTree = "<group>"; };
		438F782B25E6055200121F69 /* ProdConfig.xcconfig */ = {isa = PBXFileReference; lastKnownFileType = text.xcconfig; path = ProdConfig.xcconfig; sourceTree = "<group>"; };
/* End PBXFileReference section */

/* Begin PBXFrameworksBuildPhase section */
		438F77DE25E6018C00121F69 /* Frameworks */ = {
			isa = PBXFrameworksBuildPhase;
			buildActionMask = 2147483647;
			files = (
			);
			runOnlyForDeploymentPostprocessing = 0;
		};
		438F77F425E6019000121F69 /* Frameworks */ = {
			isa = PBXFrameworksBuildPhase;
			buildActionMask = 2147483647;
			files = (
			);
			runOnlyForDeploymentPostprocessing = 0;
		};
		438F77FF25E6019000121F69 /* Frameworks */ = {
			isa = PBXFrameworksBuildPhase;
			buildActionMask = 2147483647;
			files = (
			);
			runOnlyForDeploymentPostprocessing = 0;
		};
/* End PBXFrameworksBuildPhase section */

/* Begin PBXGroup section */
		438F77D825E6018C00121F69 = {
			isa = PBXGroup;
			children = (
				438F77E325E6018C00121F69 /* XCConfigExpriment */,
				438F77FA25E6019000121F69 /* XCConfigExprimentTests */,
				438F780525E6019000121F69 /* XCConfigExprimentUITests */,
				438F77E225E6018C00121F69 /* Products */,
			);
			sourceTree = "<group>";
		};
		438F77E225E6018C00121F69 /* Products */ = {
			isa = PBXGroup;
			children = (
				438F77E125E6018C00121F69 /* XCConfigExpriment.app */,
				438F77F725E6019000121F69 /* XCConfigExprimentTests.xctest */,
				438F780225E6019000121F69 /* XCConfigExprimentUITests.xctest */,
			);
			name = Products;
			sourceTree = "<group>";
		};
		438F77E325E6018C00121F69 /* XCConfigExpriment */ = {
			isa = PBXGroup;
			children = (
				438F77E425E6018C00121F69 /* AppDelegate.swift */,
				438F77E625E6018C00121F69 /* SceneDelegate.swift */,
				438F77E825E6018C00121F69 /* ViewController.swift */,
				438F77EA25E6018C00121F69 /* Main.storyboard */,
				438F77ED25E6019000121F69 /* Assets.xcassets */,
				438F77EF25E6019000121F69 /* LaunchScreen.storyboard */,
				438F77F225E6019000121F69 /* Info.plist */,
				438F781725E6024000121F69 /* DebugConfig.xcconfig */,
				438F782B25E6055200121F69 /* ProdConfig.xcconfig */,
			);
			path = XCConfigExpriment;
			sourceTree = "<group>";
		};
		438F77FA25E6019000121F69 /* XCConfigExprimentTests */ = {
			isa = PBXGroup;
			children = (
				438F77FB25E6019000121F69 /* XCConfigExprimentTests.swift */,
				438F77FD25E6019000121F69 /* Info.plist */,
			);
			path = XCConfigExprimentTests;
			sourceTree = "<group>";
		};
		438F780525E6019000121F69 /* XCConfigExprimentUITests */ = {
			isa = PBXGroup;
			children = (
				438F780625E6019000121F69 /* XCConfigExprimentUITests.swift */,
				438F780825E6019000121F69 /* Info.plist */,
			);
			path = XCConfigExprimentUITests;
			sourceTree = "<group>";
		};
/* End PBXGroup section */

/* Begin PBXNativeTarget section */
		438F77E025E6018C00121F69 /* XCConfigExpriment */ = {
			isa = PBXNativeTarget;
			buildConfigurationList = 438F780B25E6019000121F69 /* Build configuration list for PBXNativeTarget "XCConfigExpriment" */;
			buildPhases = (
				438F77DD25E6018C00121F69 /* Sources */,
				438F77DE25E6018C00121F69 /* Frameworks */,
				438F77DF25E6018C00121F69 /* Resources */,
			);
			buildRules = (
			);
			dependencies = (
			);
			name = XCConfigExpriment;
			productName = XCConfigExpriment;
			productReference = 438F77E125E6018C00121F69 /* XCConfigExpriment.app */;
			productType = "com.apple.product-type.application";
		};
		438F77F625E6019000121F69 /* XCConfigExprimentTests */ = {
			isa = PBXNativeTarget;
			buildConfigurationList = 438F780E25E6019000121F69 /* Build configuration list for PBXNativeTarget "XCConfigExprimentTests" */;
			buildPhases = (
				438F77F325E6019000121F69 /* Sources */,
				438F77F425E6019000121F69 /* Frameworks */,
				438F77F525E6019000121F69 /* Resources */,
			);
			buildRules = (
			);
			dependencies = (
				438F77F925E6019000121F69 /* PBXTargetDependency */,
			);
			name = XCConfigExprimentTests;
			productName = XCConfigExprimentTests;
			productReference = 438F77F725E6019000121F69 /* XCConfigExprimentTests.xctest */;
			productType = "com.apple.product-type.bundle.unit-test";
		};
		438F780125E6019000121F69 /* XCConfigExprimentUITests */ = {
			isa = PBXNativeTarget;
			buildConfigurationList = 438F781125E6019000121F69 /* Build configuration list for PBXNativeTarget "XCConfigExprimentUITests" */;
			buildPhases = (
				438F77FE25E6019000121F69 /* Sources */,
				438F77FF25E6019000121F69 /* Frameworks */,
				438F780025E6019000121F69 /* Resources */,
			);
			buildRules = (
			);
			dependencies = (
				438F780425E6019000121F69 /* PBXTargetDependency */,
			);
			name = XCConfigExprimentUITests;
			productName = XCConfigExprimentUITests;
			productReference = 438F780225E6019000121F69 /* XCConfigExprimentUITests.xctest */;
			productType = "com.apple.product-type.bundle.ui-testing";
		};
/* End PBXNativeTarget section */

/* Begin PBXProject section */
		438F77D925E6018C00121F69 /* Project object */ = {
			isa = PBXProject;
			attributes = {
				LastSwiftUpdateCheck = 1240;
				LastUpgradeCheck = 1240;
				TargetAttributes = {
					438F77E025E6018C00121F69 = {
						CreatedOnToolsVersion = 12.4;
					};
					438F77F625E6019000121F69 = {
						CreatedOnToolsVersion = 12.4;
						TestTargetID = 438F77E025E6018C00121F69;
					};
					438F780125E6019000121F69 = {
						CreatedOnToolsVersion = 12.4;
						TestTargetID = 438F77E025E6018C00121F69;
					};
				};
			};
			buildConfigurationList = 438F77DC25E6018C00121F69 /* Build configuration list for PBXProject "XCConfigExpriment" */;
			compatibilityVersion = "Xcode 9.3";
			developmentRegion = en;
			hasScannedForEncodings = 0;
			knownRegions = (
				en,
				Base,
			);
			mainGroup = 438F77D825E6018C00121F69;
			productRefGroup = 438F77E225E6018C00121F69 /* Products */;
			projectDirPath = "";
			projectRoot = "";
			targets = (
				438F77E025E6018C00121F69 /* XCConfigExpriment */,
				438F77F625E6019000121F69 /* XCConfigExprimentTests */,
				438F780125E6019000121F69 /* XCConfigExprimentUITests */,
			);
		};
/* End PBXProject section */

/* Begin PBXResourcesBuildPhase section */
		438F77DF25E6018C00121F69 /* Resources */ = {
			isa = PBXResourcesBuildPhase;
			buildActionMask = 2147483647;
			files = (
				438F77F125E6019000121F69 /* LaunchScreen.storyboard in Resources */,
				438F77EE25E6019000121F69 /* Assets.xcassets in Resources */,
				438F77EC25E6018C00121F69 /* Main.storyboard in Resources */,
			);
			runOnlyForDeploymentPostprocessing = 0;
		};
		438F77F525E6019000121F69 /* Resources */ = {
			isa = PBXResourcesBuildPhase;
			buildActionMask = 2147483647;
			files = (
			);
			runOnlyForDeploymentPostprocessing = 0;
		};
		438F780025E6019000121F69 /* Resources */ = {
			isa = PBXResourcesBuildPhase;
			buildActionMask = 2147483647;
			files = (
			);
			runOnlyForDeploymentPostprocessing = 0;
		};
/* End PBXResourcesBuildPhase section */

/* Begin PBXSourcesBuildPhase section */
		438F77DD25E6018C00121F69 /* Sources */ = {
			isa = PBXSourcesBuildPhase;
			buildActionMask = 2147483647;
			files = (
				438F77E925E6018C00121F69 /* ViewController.swift in Sources */,
				438F77E525E6018C00121F69 /* AppDelegate.swift in Sources */,
				438F77E725E6018C00121F69 /* SceneDelegate.swift in Sources */,
			);
			runOnlyForDeploymentPostprocessing = 0;
		};
		438F77F325E6019000121F69 /* Sources */ = {
			isa = PBXSourcesBuildPhase;
			buildActionMask = 2147483647;
			files = (
				438F77FC25E6019000121F69 /* XCConfigExprimentTests.swift in Sources */,
			);
			runOnlyForDeploymentPostprocessing = 0;
		};
		438F77FE25E6019000121F69 /* Sources */ = {
			isa = PBXSourcesBuildPhase;
			buildActionMask = 2147483647;
			files = (
				438F780725E6019000121F69 /* XCConfigExprimentUITests.swift in Sources */,
			);
			runOnlyForDeploymentPostprocessing = 0;
		};
/* End PBXSourcesBuildPhase section */

/* Begin PBXTargetDependency section */
		438F77F925E6019000121F69 /* PBXTargetDependency */ = {
			isa = PBXTargetDependency;
			target = 438F77E025E6018C00121F69 /* XCConfigExpriment */;
			targetProxy = 438F77F825E6019000121F69 /* PBXContainerItemProxy */;
		};
		438F780425E6019000121F69 /* PBXTargetDependency */ = {
			isa = PBXTargetDependency;
			target = 438F77E025E6018C00121F69 /* XCConfigExpriment */;
			targetProxy = 438F780325E6019000121F69 /* PBXContainerItemProxy */;
		};
/* End PBXTargetDependency section */

/* Begin PBXVariantGroup section */
		438F77EA25E6018C00121F69 /* Main.storyboard */ = {
			isa = PBXVariantGroup;
			children = (
				438F77EB25E6018C00121F69 /* Base */,
			);
			name = Main.storyboard;
			sourceTree = "<group>";
		};
		438F77EF25E6019000121F69 /* LaunchScreen.storyboard */ = {
			isa = PBXVariantGroup;
			children = (
				438F77F025E6019000121F69 /* Base */,
			);
			name = LaunchScreen.storyboard;
			sourceTree = "<group>";
		};
/* End PBXVariantGroup section */

/* Begin XCBuildConfiguration section */
		438F780925E6019000121F69 /* Debug */ = {
			isa = XCBuildConfiguration;
			baseConfigurationReference = 438F781725E6024000121F69 /* DebugConfig.xcconfig */;
			buildSettings = {
				ALWAYS_SEARCH_USER_PATHS = NO;
				CLANG_ANALYZER_NONNULL = YES;
				CLANG_ANALYZER_NUMBER_OBJECT_CONVERSION = YES_AGGRESSIVE;
				CLANG_CXX_LANGUAGE_STANDARD = "gnu++14";
				CLANG_CXX_LIBRARY = "libc++";
				CLANG_ENABLE_MODULES = YES;
				CLANG_ENABLE_OBJC_ARC = YES;
				CLANG_ENABLE_OBJC_WEAK = YES;
				CLANG_WARN_BLOCK_CAPTURE_AUTORELEASING = YES;
				CLANG_WARN_BOOL_CONVERSION = YES;
				CLANG_WARN_COMMA = YES;
				CLANG_WARN_CONSTANT_CONVERSION = YES;
				CLANG_WARN_DEPRECATED_OBJC_IMPLEMENTATIONS = YES;
				CLANG_WARN_DIRECT_OBJC_ISA_USAGE = YES_ERROR;
				CLANG_WARN_DOCUMENTATION_COMMENTS = YES;
				CLANG_WARN_EMPTY_BODY = YES;
				CLANG_WARN_ENUM_CONVERSION = YES;
				CLANG_WARN_INFINITE_RECURSION = YES;
				CLANG_WARN_INT_CONVERSION = YES;
				CLANG_WARN_NON_LITERAL_NULL_CONVERSION = YES;
				CLANG_WARN_OBJC_IMPLICIT_RETAIN_SELF = YES;
				CLANG_WARN_OBJC_LITERAL_CONVERSION = YES;
				CLANG_WARN_OBJC_ROOT_CLASS = YES_ERROR;
				CLANG_WARN_QUOTED_INCLUDE_IN_FRAMEWORK_HEADER = YES;
				CLANG_WARN_RANGE_LOOP_ANALYSIS = YES;
				CLANG_WARN_STRICT_PROTOTYPES = YES;
				CLANG_WARN_SUSPICIOUS_MOVE = YES;
				CLANG_WARN_UNGUARDED_AVAILABILITY = YES_AGGRESSIVE;
				CLANG_WARN_UNREACHABLE_CODE = YES;
				CLANG_WARN__DUPLICATE_METHOD_MATCH = YES;
				COPY_PHASE_STRIP = NO;
				DEBUG_INFORMATION_FORMAT = dwarf;
				ENABLE_STRICT_OBJC_MSGSEND = YES;
				ENABLE_TESTABILITY = YES;
				GCC_C_LANGUAGE_STANDARD = gnu11;
				GCC_DYNAMIC_NO_PIC = NO;
				GCC_NO_COMMON_BLOCKS = YES;
				GCC_OPTIMIZATION_LEVEL = 0;
				GCC_PREPROCESSOR_DEFINITIONS = (
					"DEBUG=1",
					"$(inherited)",
				);
				GCC_WARN_64_TO_32_BIT_CONVERSION = YES;
				GCC_WARN_ABOUT_RETURN_TYPE = YES_ERROR;
				GCC_WARN_UNDECLARED_SELECTOR = YES;
				GCC_WARN_UNINITIALIZED_AUTOS = YES_AGGRESSIVE;
				GCC_WARN_UNUSED_FUNCTION = YES;
				GCC_WARN_UNUSED_VARIABLE = YES;
				IPHONEOS_DEPLOYMENT_TARGET = 14.4;
				MTL_ENABLE_DEBUG_INFO = INCLUDE_SOURCE;
				MTL_FAST_MATH = YES;
				ONLY_ACTIVE_ARCH = YES;
				SDKROOT = iphoneos;
				SWIFT_ACTIVE_COMPILATION_CONDITIONS = DEBUG;
				SWIFT_OPTIMIZATION_LEVEL = "-Onone";
			};
			name = Debug;
		};
		438F780A25E6019000121F69 /* Release */ = {
			isa = XCBuildConfiguration;
			baseConfigurationReference = 438F782B25E6055200121F69 /* ProdConfig.xcconfig */;
			buildSettings = {
				ALWAYS_SEARCH_USER_PATHS = NO;
				CLANG_ANALYZER_NONNULL = YES;
				CLANG_ANALYZER_NUMBER_OBJECT_CONVERSION = YES_AGGRESSIVE;
				CLANG_CXX_LANGUAGE_STANDARD = "gnu++14";
				CLANG_CXX_LIBRARY = "libc++";
				CLANG_ENABLE_MODULES = YES;
				CLANG_ENABLE_OBJC_ARC = YES;
				CLANG_ENABLE_OBJC_WEAK = YES;
				CLANG_WARN_BLOCK_CAPTURE_AUTORELEASING = YES;
				CLANG_WARN_BOOL_CONVERSION = YES;
				CLANG_WARN_COMMA = YES;
				CLANG_WARN_CONSTANT_CONVERSION = YES;
				CLANG_WARN_DEPRECATED_OBJC_IMPLEMENTATIONS = YES;
				CLANG_WARN_DIRECT_OBJC_ISA_USAGE = YES_ERROR;
				CLANG_WARN_DOCUMENTATION_COMMENTS = YES;
				CLANG_WARN_EMPTY_BODY = YES;
				CLANG_WARN_ENUM_CONVERSION = YES;
				CLANG_WARN_INFINITE_RECURSION = YES;
				CLANG_WARN_INT_CONVERSION = YES;
				CLANG_WARN_NON_LITERAL_NULL_CONVERSION = YES;
				CLANG_WARN_OBJC_IMPLICIT_RETAIN_SELF = YES;
				CLANG_WARN_OBJC_LITERAL_CONVERSION = YES;
				CLANG_WARN_OBJC_ROOT_CLASS = YES_ERROR;
				CLANG_WARN_QUOTED_INCLUDE_IN_FRAMEWORK_HEADER = YES;
				CLANG_WARN_RANGE_LOOP_ANALYSIS = YES;
				CLANG_WARN_STRICT_PROTOTYPES = YES;
				CLANG_WARN_SUSPICIOUS_MOVE = YES;
				CLANG_WARN_UNGUARDED_AVAILABILITY = YES_AGGRESSIVE;
				CLANG_WARN_UNREACHABLE_CODE = YES;
				CLANG_WARN__DUPLICATE_METHOD_MATCH = YES;
				COPY_PHASE_STRIP = NO;
				DEBUG_INFORMATION_FORMAT = "dwarf-with-dsym";
				ENABLE_NS_ASSERTIONS = NO;
				ENABLE_STRICT_OBJC_MSGSEND = YES;
				GCC_C_LANGUAGE_STANDARD = gnu11;
				GCC_NO_COMMON_BLOCKS = YES;
				GCC_WARN_64_TO_32_BIT_CONVERSION = YES;
				GCC_WARN_ABOUT_RETURN_TYPE = YES_ERROR;
				GCC_WARN_UNDECLARED_SELECTOR = YES;
				GCC_WARN_UNINITIALIZED_AUTOS = YES_AGGRESSIVE;
				GCC_WARN_UNUSED_FUNCTION = YES;
				GCC_WARN_UNUSED_VARIABLE = YES;
				IPHONEOS_DEPLOYMENT_TARGET = 14.4;
				MTL_ENABLE_DEBUG_INFO = NO;
				MTL_FAST_MATH = YES;
				SDKROOT = iphoneos;
				SWIFT_COMPILATION_MODE = wholemodule;
				SWIFT_OPTIMIZATION_LEVEL = "-O";
				VALIDATE_PRODUCT = YES;
			};
			name = Release;
		};
		438F780C25E6019000121F69 /* Debug */ = {
			isa = XCBuildConfiguration;
			baseConfigurationReference = 438F781725E6024000121F69 /* DebugConfig.xcconfig */;
			buildSettings = {
				ASSETCATALOG_COMPILER_APPICON_NAME = AppIcon;
				ASSETCATALOG_COMPILER_GLOBAL_ACCENT_COLOR_NAME = AccentColor;
				CODE_SIGN_STYLE = Automatic;
				DEVELOPMENT_TEAM = S6J29MK9BC;
				INFOPLIST_FILE = XCConfigExpriment/Info.plist;
				LD_RUNPATH_SEARCH_PATHS = (
					"$(inherited)",
					"@executable_path/Frameworks",
				);
				PRODUCT_BUNDLE_IDENTIFIER = com.chasecodingchallenge.XCConfigExpriment;
				PRODUCT_NAME = "$(TARGET_NAME)";
				SWIFT_VERSION = 5.0;
				TARGETED_DEVICE_FAMILY = "1,2";
			};
			name = Debug;
		};
		438F780D25E6019000121F69 /* Release */ = {
			isa = XCBuildConfiguration;
			baseConfigurationReference = 438F782B25E6055200121F69 /* ProdConfig.xcconfig */;
			buildSettings = {
				ASSETCATALOG_COMPILER_APPICON_NAME = AppIcon;
				ASSETCATALOG_COMPILER_GLOBAL_ACCENT_COLOR_NAME = AccentColor;
				CODE_SIGN_STYLE = Automatic;
				DEVELOPMENT_TEAM = S6J29MK9BC;
				INFOPLIST_FILE = XCConfigExpriment/Info.plist;
				LD_RUNPATH_SEARCH_PATHS = (
					"$(inherited)",
					"@executable_path/Frameworks",
				);
				PRODUCT_BUNDLE_IDENTIFIER = com.chasecodingchallenge.XCConfigExpriment;
				PRODUCT_NAME = "$(TARGET_NAME)";
				SWIFT_VERSION = 5.0;
				TARGETED_DEVICE_FAMILY = "1,2";
			};
			name = Release;
		};
		438F780F25E6019000121F69 /* Debug */ = {
			isa = XCBuildConfiguration;
			baseConfigurationReference = 438F781725E6024000121F69 /* DebugConfig.xcconfig */;
			buildSettings = {
				ALWAYS_EMBED_SWIFT_STANDARD_LIBRARIES = YES;
				BUNDLE_LOADER = "$(TEST_HOST)";
				CODE_SIGN_STYLE = Automatic;
				DEVELOPMENT_TEAM = S6J29MK9BC;
				INFOPLIST_FILE = XCConfigExprimentTests/Info.plist;
				IPHONEOS_DEPLOYMENT_TARGET = 14.4;
				LD_RUNPATH_SEARCH_PATHS = (
					"$(inherited)",
					"@executable_path/Frameworks",
					"@loader_path/Frameworks",
				);
				PRODUCT_BUNDLE_IDENTIFIER = com.chasecodingchallenge.XCConfigExprimentTests;
				PRODUCT_NAME = "$(TARGET_NAME)";
				SWIFT_VERSION = 5.0;
				TARGETED_DEVICE_FAMILY = "1,2";
				TEST_HOST = "$(BUILT_PRODUCTS_DIR)/XCConfigExpriment.app/XCConfigExpriment";
			};
			name = Debug;
		};
		438F781025E6019000121F69 /* Release */ = {
			isa = XCBuildConfiguration;
			baseConfigurationReference = 438F782B25E6055200121F69 /* ProdConfig.xcconfig */;
			buildSettings = {
				ALWAYS_EMBED_SWIFT_STANDARD_LIBRARIES = YES;
				BUNDLE_LOADER = "$(TEST_HOST)";
				CODE_SIGN_STYLE = Automatic;
				DEVELOPMENT_TEAM = S6J29MK9BC;
				INFOPLIST_FILE = XCConfigExprimentTests/Info.plist;
				IPHONEOS_DEPLOYMENT_TARGET = 14.4;
				LD_RUNPATH_SEARCH_PATHS = (
					"$(inherited)",
					"@executable_path/Frameworks",
					"@loader_path/Frameworks",
				);
				PRODUCT_BUNDLE_IDENTIFIER = com.chasecodingchallenge.XCConfigExprimentTests;
				PRODUCT_NAME = "$(TARGET_NAME)";
				SWIFT_VERSION = 5.0;
				TARGETED_DEVICE_FAMILY = "1,2";
				TEST_HOST = "$(BUILT_PRODUCTS_DIR)/XCConfigExpriment.app/XCConfigExpriment";
			};
			name = Release;
		};
		438F781225E6019000121F69 /* Debug */ = {
			isa = XCBuildConfiguration;
			baseConfigurationReference = 438F781725E6024000121F69 /* DebugConfig.xcconfig */;
			buildSettings = {
				ALWAYS_EMBED_SWIFT_STANDARD_LIBRARIES = YES;
				CODE_SIGN_STYLE = Automatic;
				DEVELOPMENT_TEAM = S6J29MK9BC;
				INFOPLIST_FILE = XCConfigExprimentUITests/Info.plist;
				LD_RUNPATH_SEARCH_PATHS = (
					"$(inherited)",
					"@executable_path/Frameworks",
					"@loader_path/Frameworks",
				);
				PRODUCT_BUNDLE_IDENTIFIER = com.chasecodingchallenge.XCConfigExprimentUITests;
				PRODUCT_NAME = "$(TARGET_NAME)";
				SWIFT_VERSION = 5.0;
				TARGETED_DEVICE_FAMILY = "1,2";
				TEST_TARGET_NAME = XCConfigExpriment;
			};
			name = Debug;
		};
		438F781325E6019000121F69 /* Release */ = {
			isa = XCBuildConfiguration;
			buildSettings = {
				ALWAYS_EMBED_SWIFT_STANDARD_LIBRARIES = YES;
				CODE_SIGN_STYLE = Automatic;
				DEVELOPMENT_TEAM = S6J29MK9BC;
				INFOPLIST_FILE = XCConfigExprimentUITests/Info.plist;
				LD_RUNPATH_SEARCH_PATHS = (
					"$(inherited)",
					"@executable_path/Frameworks",
					"@loader_path/Frameworks",
				);
				PRODUCT_BUNDLE_IDENTIFIER = com.chasecodingchallenge.XCConfigExprimentUITests;
				PRODUCT_NAME = "$(TARGET_NAME)";
				SWIFT_VERSION = 5.0;
				TARGETED_DEVICE_FAMILY = "1,2";
				TEST_TARGET_NAME = XCConfigExpriment;
			};
			name = Release;
		};
		438F782725E6052E00121F69 /* Prod */ = {
			isa = XCBuildConfiguration;
			baseConfigurationReference = 438F782B25E6055200121F69 /* ProdConfig.xcconfig */;
			buildSettings = {
				ALWAYS_SEARCH_USER_PATHS = NO;
				CLANG_ANALYZER_NONNULL = YES;
				CLANG_ANALYZER_NUMBER_OBJECT_CONVERSION = YES_AGGRESSIVE;
				CLANG_CXX_LANGUAGE_STANDARD = "gnu++14";
				CLANG_CXX_LIBRARY = "libc++";
				CLANG_ENABLE_MODULES = YES;
				CLANG_ENABLE_OBJC_ARC = YES;
				CLANG_ENABLE_OBJC_WEAK = YES;
				CLANG_WARN_BLOCK_CAPTURE_AUTORELEASING = YES;
				CLANG_WARN_BOOL_CONVERSION = YES;
				CLANG_WARN_COMMA = YES;
				CLANG_WARN_CONSTANT_CONVERSION = YES;
				CLANG_WARN_DEPRECATED_OBJC_IMPLEMENTATIONS = YES;
				CLANG_WARN_DIRECT_OBJC_ISA_USAGE = YES_ERROR;
				CLANG_WARN_DOCUMENTATION_COMMENTS = YES;
				CLANG_WARN_EMPTY_BODY = YES;
				CLANG_WARN_ENUM_CONVERSION = YES;
				CLANG_WARN_INFINITE_RECURSION = YES;
				CLANG_WARN_INT_CONVERSION = YES;
				CLANG_WARN_NON_LITERAL_NULL_CONVERSION = YES;
				CLANG_WARN_OBJC_IMPLICIT_RETAIN_SELF = YES;
				CLANG_WARN_OBJC_LITERAL_CONVERSION = YES;
				CLANG_WARN_OBJC_ROOT_CLASS = YES_ERROR;
				CLANG_WARN_QUOTED_INCLUDE_IN_FRAMEWORK_HEADER = YES;
				CLANG_WARN_RANGE_LOOP_ANALYSIS = YES;
				CLANG_WARN_STRICT_PROTOTYPES = YES;
				CLANG_WARN_SUSPICIOUS_MOVE = YES;
				CLANG_WARN_UNGUARDED_AVAILABILITY = YES_AGGRESSIVE;
				CLANG_WARN_UNREACHABLE_CODE = YES;
				CLANG_WARN__DUPLICATE_METHOD_MATCH = YES;
				COPY_PHASE_STRIP = NO;
				DEBUG_INFORMATION_FORMAT = dwarf;
				ENABLE_STRICT_OBJC_MSGSEND = YES;
				ENABLE_TESTABILITY = YES;
				GCC_C_LANGUAGE_STANDARD = gnu11;
				GCC_DYNAMIC_NO_PIC = NO;
				GCC_NO_COMMON_BLOCKS = YES;
				GCC_OPTIMIZATION_LEVEL = 0;
				GCC_PREPROCESSOR_DEFINITIONS = (
					"DEBUG=1",
					"$(inherited)",
				);
				GCC_WARN_64_TO_32_BIT_CONVERSION = YES;
				GCC_WARN_ABOUT_RETURN_TYPE = YES_ERROR;
				GCC_WARN_UNDECLARED_SELECTOR = YES;
				GCC_WARN_UNINITIALIZED_AUTOS = YES_AGGRESSIVE;
				GCC_WARN_UNUSED_FUNCTION = YES;
				GCC_WARN_UNUSED_VARIABLE = YES;
				IPHONEOS_DEPLOYMENT_TARGET = 14.4;
				MTL_ENABLE_DEBUG_INFO = INCLUDE_SOURCE;
				MTL_FAST_MATH = YES;
				ONLY_ACTIVE_ARCH = YES;
				SDKROOT = iphoneos;
				SWIFT_ACTIVE_COMPILATION_CONDITIONS = DEBUG;
				SWIFT_OPTIMIZATION_LEVEL = "-Onone";
			};
			name = Prod;
		};
		438F782825E6052E00121F69 /* Prod */ = {
			isa = XCBuildConfiguration;
			baseConfigurationReference = 438F782B25E6055200121F69 /* ProdConfig.xcconfig */;
			buildSettings = {
				ASSETCATALOG_COMPILER_APPICON_NAME = AppIcon;
				ASSETCATALOG_COMPILER_GLOBAL_ACCENT_COLOR_NAME = AccentColor;
				CODE_SIGN_STYLE = Automatic;
				DEVELOPMENT_TEAM = S6J29MK9BC;
				INFOPLIST_FILE = XCConfigExpriment/Info.plist;
				LD_RUNPATH_SEARCH_PATHS = (
					"$(inherited)",
					"@executable_path/Frameworks",
				);
				PRODUCT_BUNDLE_IDENTIFIER = com.chasecodingchallenge.XCConfigExpriment;
				PRODUCT_NAME = "$(TARGET_NAME)";
				SWIFT_VERSION = 5.0;
				TARGETED_DEVICE_FAMILY = "1,2";
			};
			name = Prod;
		};
		438F782925E6052E00121F69 /* Prod */ = {
			isa = XCBuildConfiguration;
			baseConfigurationReference = 438F782B25E6055200121F69 /* ProdConfig.xcconfig */;
			buildSettings = {
				ALWAYS_EMBED_SWIFT_STANDARD_LIBRARIES = YES;
				BUNDLE_LOADER = "$(TEST_HOST)";
				CODE_SIGN_STYLE = Automatic;
				DEVELOPMENT_TEAM = S6J29MK9BC;
				INFOPLIST_FILE = XCConfigExprimentTests/Info.plist;
				IPHONEOS_DEPLOYMENT_TARGET = 14.4;
				LD_RUNPATH_SEARCH_PATHS = (
					"$(inherited)",
					"@executable_path/Frameworks",
					"@loader_path/Frameworks",
				);
				PRODUCT_BUNDLE_IDENTIFIER = com.chasecodingchallenge.XCConfigExprimentTests;
				PRODUCT_NAME = "$(TARGET_NAME)";
				SWIFT_VERSION = 5.0;
				TARGETED_DEVICE_FAMILY = "1,2";
				TEST_HOST = "$(BUILT_PRODUCTS_DIR)/XCConfigExpriment.app/XCConfigExpriment";
			};
			name = Prod;
		};
		438F782A25E6052E00121F69 /* Prod */ = {
			isa = XCBuildConfiguration;
			baseConfigurationReference = 438F782B25E6055200121F69 /* ProdConfig.xcconfig */;
			buildSettings = {
				ALWAYS_EMBED_SWIFT_STANDARD_LIBRARIES = YES;
				CODE_SIGN_STYLE = Automatic;
				DEVELOPMENT_TEAM = S6J29MK9BC;
				INFOPLIST_FILE = XCConfigExprimentUITests/Info.plist;
				LD_RUNPATH_SEARCH_PATHS = (
					"$(inherited)",
					"@executable_path/Frameworks",
					"@loader_path/Frameworks",
				);
				PRODUCT_BUNDLE_IDENTIFIER = com.chasecodingchallenge.XCConfigExprimentUITests;
				PRODUCT_NAME = "$(TARGET_NAME)";
				SWIFT_VERSION = 5.0;
				TARGETED_DEVICE_FAMILY = "1,2";
				TEST_TARGET_NAME = XCConfigExpriment;
			};
			name = Prod;
		};
/* End XCBuildConfiguration section */

/* Begin XCConfigurationList section */
		438F77DC25E6018C00121F69 /* Build configuration list for PBXProject "XCConfigExpriment" */ = {
			isa = XCConfigurationList;
			buildConfigurations = (
				438F780925E6019000121F69 /* Debug */,
				438F782725E6052E00121F69 /* Prod */,
				438F780A25E6019000121F69 /* Release */,
			);
			defaultConfigurationIsVisible = 0;
			defaultConfigurationName = Release;
		};
		438F780B25E6019000121F69 /* Build configuration list for PBXNativeTarget "XCConfigExpriment" */ = {
			isa = XCConfigurationList;
			buildConfigurations = (
				438F780C25E6019000121F69 /* Debug */,
				438F782825E6052E00121F69 /* Prod */,
				438F780D25E6019000121F69 /* Release */,
			);
			defaultConfigurationIsVisible = 0;
			defaultConfigurationName = Release;
		};
		438F780E25E6019000121F69 /* Build configuration list for PBXNativeTarget "XCConfigExprimentTests" */ = {
			isa = XCConfigurationList;
			buildConfigurations = (
				438F780F25E6019000121F69 /* Debug */,
				438F782925E6052E00121F69 /* Prod */,
				438F781025E6019000121F69 /* Release */,
			);
			defaultConfigurationIsVisible = 0;
			defaultConfigurationName = Release;
		};
		438F781125E6019000121F69 /* Build configuration list for PBXNativeTarget "XCConfigExprimentUITests" */ = {
			isa = XCConfigurationList;
			buildConfigurations = (
				438F781225E6019000121F69 /* Debug */,
				438F782A25E6052E00121F69 /* Prod */,
				438F781325E6019000121F69 /* Release */,
			);
			defaultConfigurationIsVisible = 0;
			defaultConfigurationName = Release;
		};
/* End XCConfigurationList section */
	};
	rootObject = 438F77D925E6018C00121F69 /* Project object */;
}
